PODS:
  - EstimoteSDK (1.2.0)
  - gom-client-objc (0.3.1):
    - SocketRocket (~> 0.3)
  - SocketRocket (0.3.1-beta2)

DEPENDENCIES:
  - EstimoteSDK (~> 1.2)
  - gom-client-objc (~> 0.3.1)

SPEC CHECKSUMS:
  EstimoteSDK: 6bfe3bbaae76a23293e35244db94188818063a5a
  gom-client-objc: 5c7a5a85bc319184a9415acd1fe6559c5920af97
  SocketRocket: 7ac946bcce46287a791dfff3c1f8daa692821dae

COCOAPODS: 0.29.0
